// !$*UTF8*$!
{
	archiveVersion = 1;
	classes = {
	};
	objectVersion = 56;
	objects = {

/* Begin PBXBuildFile section */
		E85C17A92A0E5AC500949E66 /* UtilityClasses.framework in Frameworks */ = {isa = PBXBuildFile; fileRef = E85C17A82A0E5AC500949E66 /* UtilityClasses.framework */; };
		E85C17AA2A0E5AC500949E66 /* UtilityClasses.framework in Embed Frameworks */ = {isa = PBXBuildFile; fileRef = E85C17A82A0E5AC500949E66 /* UtilityClasses.framework */; settings = {ATTRIBUTES = (CodeSignOnCopy, RemoveHeadersOnCopy, ); }; };
		E8AF6F992A0E5994006EE4FE /* UtilityClassesTestingApp.swift in Sources */ = {isa = PBXBuildFile; fileRef = E8AF6F982A0E5994006EE4FE /* UtilityClassesTestingApp.swift */; };
		E8AF6F9B2A0E5994006EE4FE /* ContentView.swift in Sources */ = {isa = PBXBuildFile; fileRef = E8AF6F9A2A0E5994006EE4FE /* ContentView.swift */; };
		E8AF6F9D2A0E5995006EE4FE /* Assets.xcassets in Resources */ = {isa = PBXBuildFile; fileRef = E8AF6F9C2A0E5995006EE4FE /* Assets.xcassets */; };
		E8AF6FA02A0E5995006EE4FE /* Preview Assets.xcassets in Resources */ = {isa = PBXBuildFile; fileRef = E8AF6F9F2A0E5995006EE4FE /* Preview Assets.xcassets */; };
/* End PBXBuildFile section */

/* Begin PBXCopyFilesBuildPhase section */
		E85C17AB2A0E5AC500949E66 /* Embed Frameworks */ = {
			isa = PBXCopyFilesBuildPhase;
			buildActionMask = 2147483647;
			dstPath = "";
			dstSubfolderSpec = 10;
			files = (
				E85C17AA2A0E5AC500949E66 /* UtilityClasses.framework in Embed Frameworks */,
			);
			name = "Embed Frameworks";
			runOnlyForDeploymentPostprocessing = 0;
		};
/* End PBXCopyFilesBuildPhase section */

/* Begin PBXFileReference section */
		E85C17A82A0E5AC500949E66 /* UtilityClasses.framework */ = {isa = PBXFileReference; explicitFileType = wrapper.framework; path = UtilityClasses.framework; sourceTree = BUILT_PRODUCTS_DIR; };
		E8AF6F952A0E5994006EE4FE /* UtilityClassesTesting.app */ = {isa = PBXFileReference; explicitFileType = wrapper.application; includeInIndex = 0; path = UtilityClassesTesting.app; sourceTree = BUILT_PRODUCTS_DIR; };
		E8AF6F982A0E5994006EE4FE /* UtilityClassesTestingApp.swift */ = {isa = PBXFileReference; lastKnownFileType = sourcecode.swift; path = UtilityClassesTestingApp.swift; sourceTree = "<group>"; };
		E8AF6F9A2A0E5994006EE4FE /* ContentView.swift */ = {isa = PBXFileReference; lastKnownFileType = sourcecode.swift; path = ContentView.swift; sourceTree = "<group>"; };
		E8AF6F9C2A0E5995006EE4FE /* Assets.xcassets */ = {isa = PBXFileReference; lastKnownFileType = folder.assetcatalog; path = Assets.xcassets; sourceTree = "<group>"; };
		E8AF6F9F2A0E5995006EE4FE /* Preview Assets.xcassets */ = {isa = PBXFileReference; lastKnownFileType = folder.assetcatalog; path = "Preview Assets.xcassets"; sourceTree = "<group>"; };
/* End PBXFileReference section */

/* Begin PBXFrameworksBuildPhase section */
		E8AF6F922A0E5994006EE4FE /* Frameworks */ = {
			isa = PBXFrameworksBuildPhase;
			buildActionMask = 2147483647;
			files = (
				E85C17A92A0E5AC500949E66 /* UtilityClasses.framework in Frameworks */,
			);
			runOnlyForDeploymentPostprocessing = 0;
		};
/* End PBXFrameworksBuildPhase section */

/* Begin PBXGroup section */
		E85C17A72A0E5AC500949E66 /* Frameworks */ = {
			isa = PBXGroup;
			children = (
				E85C17A82A0E5AC500949E66 /* UtilityClasses.framework */,
			);
			name = Frameworks;
			sourceTree = "<group>";
		};
		E8AF6F8C2A0E5994006EE4FE = {
			isa = PBXGroup;
			children = (
				E8AF6F972A0E5994006EE4FE /* UtilityClassesTesting */,
				E8AF6F962A0E5994006EE4FE /* Products */,
				E85C17A72A0E5AC500949E66 /* Frameworks */,
			);
			sourceTree = "<group>";
		};
		E8AF6F962A0E5994006EE4FE /* Products */ = {
			isa = PBXGroup;
			children = (
				E8AF6F952A0E5994006EE4FE /* UtilityClassesTesting.app */,
			);
			name = Products;
			sourceTree = "<group>";
		};
		E8AF6F972A0E5994006EE4FE /* UtilityClassesTesting */ = {
			isa = PBXGroup;
			children = (
				E8AF6F982A0E5994006EE4FE /* UtilityClassesTestingApp.swift */,
				E8AF6F9A2A0E5994006EE4FE /* ContentView.swift */,
				E8AF6F9C2A0E5995006EE4FE /* Assets.xcassets */,
				E8AF6F9E2A0E5995006EE4FE /* Preview Content */,
			);
			path = UtilityClassesTesting;
			sourceTree = "<group>";
		};
		E8AF6F9E2A0E5995006EE4FE /* Preview Content */ = {
			isa = PBXGroup;
			children = (
				E8AF6F9F2A0E5995006EE4FE /* Preview Assets.xcassets */,
			);
			path = "Preview Content";
			sourceTree = "<group>";
		};
/* End PBXGroup section */

/* Begin PBXNativeTarget section */
		E8AF6F942A0E5994006EE4FE /* UtilityClassesTesting */ = {
			isa = PBXNativeTarget;
			buildConfigurationList = E8AF6FA32A0E5995006EE4FE /* Build configuration list for PBXNativeTarget "UtilityClassesTesting" */;
			buildPhases = (
				E8AF6F912A0E5994006EE4FE /* Sources */,
				E8AF6F922A0E5994006EE4FE /* Frameworks */,
				E8AF6F932A0E5994006EE4FE /* Resources */,
				E85C17AB2A0E5AC500949E66 /* Embed Frameworks */,
			);
			buildRules = (
			);
			dependencies = (
			);
			name = UtilityClassesTesting;
			productName = UtilityClassesTesting;
			productReference = E8AF6F952A0E5994006EE4FE /* UtilityClassesTesting.app */;
			productType = "com.apple.product-type.application";
		};
/* End PBXNativeTarget section */

/* Begin PBXProject section */
		E8AF6F8D2A0E5994006EE4FE /* Project object */ = {
			isa = PBXProject;
			attributes = {
				BuildIndependentTargetsInParallel = 1;
				LastSwiftUpdateCheck = 1430;
				LastUpgradeCheck = 1430;
				TargetAttributes = {
					E8AF6F942A0E5994006EE4FE = {
						CreatedOnToolsVersion = 14.3;
					};
				};
			};
			buildConfigurationList = E8AF6F902A0E5994006EE4FE /* Build configuration list for PBXProject "UtilityClassesTesting" */;
			compatibilityVersion = "Xcode 14.0";
			developmentRegion = en;
			hasScannedForEncodings = 0;
			knownRegions = (
				en,
				Base,
			);
			mainGroup = E8AF6F8C2A0E5994006EE4FE;
			productRefGroup = E8AF6F962A0E5994006EE4FE /* Products */;
			projectDirPath = "";
			projectRoot = "";
			targets = (
				E8AF6F942A0E5994006EE4FE /* UtilityClassesTesting */,
			);
		};
/* End PBXProject section */

/* Begin PBXResourcesBuildPhase section */
		E8AF6F932A0E5994006EE4FE /* Resources */ = {
			isa = PBXResourcesBuildPhase;
			buildActionMask = 2147483647;
			files = (
				E8AF6FA02A0E5995006EE4FE /* Preview Assets.xcassets in Resources */,
				E8AF6F9D2A0E5995006EE4FE /* Assets.xcassets in Resources */,
			);
			runOnlyForDeploymentPostprocessing = 0;
		};
/* End PBXResourcesBuildPhase section */

/* Begin PBXSourcesBuildPhase section */
		E8AF6F912A0E5994006EE4FE /* Sources */ = {
			isa = PBXSourcesBuildPhase;
			buildActionMask = 2147483647;
			files = (
				E8AF6F9B2A0E5994006EE4FE /* ContentView.swift in Sources */,
				E8AF6F992A0E5994006EE4FE /* UtilityClassesTestingApp.swift in Sources */,
			);
			runOnlyForDeploymentPostprocessing = 0;
		};
/* End PBXSourcesBuildPhase section */

/* Begin XCBuildConfiguration section */
		E8AF6FA12A0E5995006EE4FE /* Debug */ = {
			isa = XCBuildConfiguration;
			buildSettings = {
				ALWAYS_SEARCH_USER_PATHS = NO;
				CLANG_ANALYZER_NONNULL = YES;
				CLANG_ANALYZER_NUMBER_OBJECT_CONVERSION = YES_AGGRESSIVE;
				CLANG_CXX_LANGUAGE_STANDARD = "gnu++20";
				CLANG_ENABLE_MODULES = YES;
				CLANG_ENABLE_OBJC_ARC = YES;
				CLANG_ENABLE_OBJC_WEAK = YES;
				CLANG_WARN_BLOCK_CAPTURE_AUTORELEASING = YES;
				CLANG_WARN_BOOL_CONVERSION = YES;
				CLANG_WARN_COMMA = YES;
				CLANG_WARN_CONSTANT_CONVERSION = YES;
				CLANG_WARN_DEPRECATED_OBJC_IMPLEMENTATIONS = YES;
				CLANG_WARN_DIRECT_OBJC_ISA_USAGE = YES_ERROR;
				CLANG_WARN_DOCUMENTATION_COMMENTS = YES;
				CLANG_WARN_EMPTY_BODY = YES;
				CLANG_WARN_ENUM_CONVERSION = YES;
				CLANG_WARN_INFINITE_RECURSION = YES;
				CLANG_WARN_INT_CONVERSION = YES;
				CLANG_WARN_NON_LITERAL_NULL_CONVERSION = YES;
				CLANG_WARN_OBJC_IMPLICIT_RETAIN_SELF = YES;
				CLANG_WARN_OBJC_LITERAL_CONVERSION = YES;
				CLANG_WARN_OBJC_ROOT_CLASS = YES_ERROR;
				CLANG_WARN_QUOTED_INCLUDE_IN_FRAMEWORK_HEADER = YES;
				CLANG_WARN_RANGE_LOOP_ANALYSIS = YES;
				CLANG_WARN_STRICT_PROTOTYPES = YES;
				CLANG_WARN_SUSPICIOUS_MOVE = YES;
				CLANG_WARN_UNGUARDED_AVAILABILITY = YES_AGGRESSIVE;
				CLANG_WARN_UNREACHABLE_CODE = YES;
				CLANG_WARN__DUPLICATE_METHOD_MATCH = YES;
				COPY_PHASE_STRIP = NO;
				DEBUG_INFORMATION_FORMAT = dwarf;
				ENABLE_STRICT_OBJC_MSGSEND = YES;
				ENABLE_TESTABILITY = YES;
				GCC_C_LANGUAGE_STANDARD = gnu11;
				GCC_DYNAMIC_NO_PIC = NO;
				GCC_NO_COMMON_BLOCKS = YES;
				GCC_OPTIMIZATION_LEVEL = 0;
				GCC_PREPROCESSOR_DEFINITIONS = (
					"DEBUG=1",
					"$(inherited)",
				);
				GCC_WARN_64_TO_32_BIT_CONVERSION = YES;
				GCC_WARN_ABOUT_RETURN_TYPE = YES_ERROR;
				GCC_WARN_UNDECLARED_SELECTOR = YES;
				GCC_WARN_UNINITIALIZED_AUTOS = YES_AGGRESSIVE;
				GCC_WARN_UNUSED_FUNCTION = YES;
				GCC_WARN_UNUSED_VARIABLE = YES;
				IPHONEOS_DEPLOYMENT_TARGET = 16.4;
				MTL_ENABLE_DEBUG_INFO = INCLUDE_SOURCE;
				MTL_FAST_MATH = YES;
				ONLY_ACTIVE_ARCH = YES;
				SDKROOT = iphoneos;
				SWIFT_ACTIVE_COMPILATION_CONDITIONS = DEBUG;
				SWIFT_OPTIMIZATION_LEVEL = "-Onone";
			};
			name = Debug;
		};
		E8AF6FA22A0E5995006EE4FE /* Release */ = {
			isa = XCBuildConfiguration;
			buildSettings = {
				ALWAYS_SEARCH_USER_PATHS = NO;
				CLANG_ANALYZER_NONNULL = YES;
				CLANG_ANALYZER_NUMBER_OBJECT_CONVERSION = YES_AGGRESSIVE;
				CLANG_CXX_LANGUAGE_STANDARD = "gnu++20";
				CLANG_ENABLE_MODULES = YES;
				CLANG_ENABLE_OBJC_ARC = YES;
				CLANG_ENABLE_OBJC_WEAK = YES;
				CLANG_WARN_BLOCK_CAPTURE_AUTORELEASING = YES;
				CLANG_WARN_BOOL_CONVERSION = YES;
				CLANG_WARN_COMMA = YES;
				CLANG_WARN_CONSTANT_CONVERSION = YES;
				CLANG_WARN_DEPRECATED_OBJC_IMPLEMENTATIONS = YES;
				CLANG_WARN_DIRECT_OBJC_ISA_USAGE = YES_ERROR;
				CLANG_WARN_DOCUMENTATION_COMMENTS = YES;
				CLANG_WARN_EMPTY_BODY = YES;
				CLANG_WARN_ENUM_CONVERSION = YES;
				CLANG_WARN_INFINITE_RECURSION = YES;
				CLANG_WARN_INT_CONVERSION = YES;
				CLANG_WARN_NON_LITERAL_NULL_CONVERSION = YES;
				CLANG_WARN_OBJC_IMPLICIT_RETAIN_SELF = YES;
				CLANG_WARN_OBJC_LITERAL_CONVERSION = YES;
				CLANG_WARN_OBJC_ROOT_CLASS = YES_ERROR;
				CLANG_WARN_QUOTED_INCLUDE_IN_FRAMEWORK_HEADER = YES;
				CLANG_WARN_RANGE_LOOP_ANALYSIS = YES;
				CLANG_WARN_STRICT_PROTOTYPES = YES;
				CLANG_WARN_SUSPICIOUS_MOVE = YES;
				CLANG_WARN_UNGUARDED_AVAILABILITY = YES_AGGRESSIVE;
				CLANG_WARN_UNREACHABLE_CODE = YES;
				CLANG_WARN__DUPLICATE_METHOD_MATCH = YES;
				COPY_PHASE_STRIP = NO;
				DEBUG_INFORMATION_FORMAT = "dwarf-with-dsym";
				ENABLE_NS_ASSERTIONS = NO;
				ENABLE_STRICT_OBJC_MSGSEND = YES;
				GCC_C_LANGUAGE_STANDARD = gnu11;
				GCC_NO_COMMON_BLOCKS = YES;
				GCC_WARN_64_TO_32_BIT_CONVERSION = YES;
				GCC_WARN_ABOUT_RETURN_TYPE = YES_ERROR;
				GCC_WARN_UNDECLARED_SELECTOR = YES;
				GCC_WARN_UNINITIALIZED_AUTOS = YES_AGGRESSIVE;
				GCC_WARN_UNUSED_FUNCTION = YES;
				GCC_WARN_UNUSED_VARIABLE = YES;
				IPHONEOS_DEPLOYMENT_TARGET = 16.4;
				MTL_ENABLE_DEBUG_INFO = NO;
				MTL_FAST_MATH = YES;
				SDKROOT = iphoneos;
				SWIFT_COMPILATION_MODE = wholemodule;
				SWIFT_OPTIMIZATION_LEVEL = "-O";
				VALIDATE_PRODUCT = YES;
			};
			name = Release;
		};
		E8AF6FA42A0E5995006EE4FE /* Debug */ = {
			isa = XCBuildConfiguration;
			buildSettings = {
				ASSETCATALOG_COMPILER_APPICON_NAME = AppIcon;
				ASSETCATALOG_COMPILER_GLOBAL_ACCENT_COLOR_NAME = AccentColor;
				CODE_SIGN_STYLE = Automatic;
				CURRENT_PROJECT_VERSION = 1;
				DEVELOPMENT_ASSET_PATHS = "\"UtilityClassesTesting/Preview Content\"";
				DEVELOPMENT_TEAM = MH62Y8D74P;
				ENABLE_PREVIEWS = YES;
				GENERATE_INFOPLIST_FILE = YES;
				INFOPLIST_KEY_UIApplicationSceneManifest_Generation = YES;
				INFOPLIST_KEY_UIApplicationSupportsIndirectInputEvents = YES;
				INFOPLIST_KEY_UILaunchScreen_Generation = YES;
				INFOPLIST_KEY_UISupportedInterfaceOrientations_iPad = "UIInterfaceOrientationPortrait UIInterfaceOrientationPortraitUpsideDown UIInterfaceOrientationLandscapeLeft UIInterfaceOrientationLandscapeRight";
				INFOPLIST_KEY_UISupportedInterfaceOrientations_iPhone = "UIInterfaceOrientationPortrait UIInterfaceOrientationLandscapeLeft UIInterfaceOrientationLandscapeRight";
				IPHONEOS_DEPLOYMENT_TARGET = 15.4;
				LD_RUNPATH_SEARCH_PATHS = (
					"$(inherited)",
					"@executable_path/Frameworks",
				);
				MARKETING_VERSION = 1.0;
				PRODUCT_BUNDLE_IDENTIFIER = uk.co.sabarnett.UtilityClassesTesting;
				PRODUCT_NAME = "$(TARGET_NAME)";
				SWIFT_EMIT_LOC_STRINGS = YES;
				SWIFT_VERSION = 5.0;
				TARGETED_DEVICE_FAMILY = "1,2";
			};
			name = Debug;
		};
		E8AF6FA52A0E5995006EE4FE /* Release */ = {
			isa = XCBuildConfiguration;
			buildSettings = {
				ASSETCATALOG_COMPILER_APPICON_NAME = AppIcon;
				ASSETCATALOG_COMPILER_GLOBAL_ACCENT_COLOR_NAME = AccentColor;
				CODE_SIGN_STYLE = Automatic;
				CURRENT_PROJECT_VERSION = 1;
				DEVELOPMENT_ASSET_PATHS = "\"UtilityClassesTesting/Preview Content\"";
				DEVELOPMENT_TEAM = MH62Y8D74P;
				ENABLE_PREVIEWS = YES;
				GENERATE_INFOPLIST_FILE = YES;
				INFOPLIST_KEY_UIApplicationSceneManifest_Generation = YES;
				INFOPLIST_KEY_UIApplicationSupportsIndirectInputEvents = YES;
				INFOPLIST_KEY_UILaunchScreen_Generation = YES;
				INFOPLIST_KEY_UISupportedInterfaceOrientations_iPad = "UIInterfaceOrientationPortrait UIInterfaceOrientationPortraitUpsideDown UIInterfaceOrientationLandscapeLeft UIInterfaceOrientationLandscapeRight";
				INFOPLIST_KEY_UISupportedInterfaceOrientations_iPhone = "UIInterfaceOrientationPortrait UIInterfaceOrientationLandscapeLeft UIInterfaceOrientationLandscapeRight";
				IPHONEOS_DEPLOYMENT_TARGET = 15.4;
				LD_RUNPATH_SEARCH_PATHS = (
					"$(inherited)",
					"@executable_path/Frameworks",
				);
				MARKETING_VERSION = 1.0;
				PRODUCT_BUNDLE_IDENTIFIER = uk.co.sabarnett.UtilityClassesTesting;
				PRODUCT_NAME = "$(TARGET_NAME)";
				SWIFT_EMIT_LOC_STRINGS = YES;
				SWIFT_VERSION = 5.0;
				TARGETED_DEVICE_FAMILY = "1,2";
			};
			name = Release;
		};
/* End XCBuildConfiguration section */

/* Begin XCConfigurationList section */
		E8AF6F902A0E5994006EE4FE /* Build configuration list for PBXProject "UtilityClassesTesting" */ = {
			isa = XCConfigurationList;
			buildConfigurations = (
				E8AF6FA12A0E5995006EE4FE /* Debug */,
				E8AF6FA22A0E5995006EE4FE /* Release */,
			);
			defaultConfigurationIsVisible = 0;
			defaultConfigurationName = Release;
		};
		E8AF6FA32A0E5995006EE4FE /* Build configuration list for PBXNativeTarget "UtilityClassesTesting" */ = {
			isa = XCConfigurationList;
			buildConfigurations = (
				E8AF6FA42A0E5995006EE4FE /* Debug */,
				E8AF6FA52A0E5995006EE4FE /* Release */,
			);
			defaultConfigurationIsVisible = 0;
			defaultConfigurationName = Release;
		};
/* End XCConfigurationList section */
	};
	rootObject = E8AF6F8D2A0E5994006EE4FE /* Project object */;
}
